// !$*UTF8*$!
{
	archiveVersion = 1;
	classes = {
	};
	objectVersion = 46;
	objects = {

/* Begin PBXBuildFile section */
		25927242167D896D003E6F65 /* UIKit.framework in Frameworks */ = {isa = PBXBuildFile; fileRef = 25927241167D896D003E6F65 /* UIKit.framework */; };
		25927244167D896D003E6F65 /* Foundation.framework in Frameworks */ = {isa = PBXBuildFile; fileRef = 25927243167D896D003E6F65 /* Foundation.framework */; };
		25927246167D896D003E6F65 /* CoreGraphics.framework in Frameworks */ = {isa = PBXBuildFile; fileRef = 25927245167D896D003E6F65 /* CoreGraphics.framework */; };
		2592724C167D896D003E6F65 /* InfoPlist.strings in Resources */ = {isa = PBXBuildFile; fileRef = 2592724A167D896D003E6F65 /* InfoPlist.strings */; };
		2592724E167D896D003E6F65 /* main.m in Sources */ = {isa = PBXBuildFile; fileRef = 2592724D167D896D003E6F65 /* main.m */; };
		25927252167D896D003E6F65 /* STAppDelegate.m in Sources */ = {isa = PBXBuildFile; fileRef = 25927251167D896D003E6F65 /* STAppDelegate.m */; };
		25927254167D896D003E6F65 /* Default.png in Resources */ = {isa = PBXBuildFile; fileRef = 25927253167D896D003E6F65 /* Default.png */; };
		25927256167D896D003E6F65 /* Default@2x.png in Resources */ = {isa = PBXBuildFile; fileRef = 25927255167D896D003E6F65 /* Default@2x.png */; };
		25927258167D896D003E6F65 /* Default-568h@2x.png in Resources */ = {isa = PBXBuildFile; fileRef = 25927257167D896D003E6F65 /* Default-568h@2x.png */; };
		25927261167D8A45003E6F65 /* STTweetLabel.m in Sources */ = {isa = PBXBuildFile; fileRef = 2592725F167D8A45003E6F65 /* STTweetLabel.m */; };
		2592726D167D8CB5003E6F65 /* STViewController.m in Sources */ = {isa = PBXBuildFile; fileRef = 2592726B167D8CB5003E6F65 /* STViewController.m */; };
		2592726E167D8CB5003E6F65 /* STViewController.xib in Resources */ = {isa = PBXBuildFile; fileRef = 2592726C167D8CB5003E6F65 /* STViewController.xib */; };
/* End PBXBuildFile section */

/* Begin PBXFileReference section */
		2592723D167D896D003E6F65 /* STTweetLabel.app */ = {isa = PBXFileReference; explicitFileType = wrapper.application; includeInIndex = 0; path = STTweetLabel.app; sourceTree = BUILT_PRODUCTS_DIR; };
		25927241167D896D003E6F65 /* UIKit.framework */ = {isa = PBXFileReference; lastKnownFileType = wrapper.framework; name = UIKit.framework; path = System/Library/Frameworks/UIKit.framework; sourceTree = SDKROOT; };
		25927243167D896D003E6F65 /* Foundation.framework */ = {isa = PBXFileReference; lastKnownFileType = wrapper.framework; name = Foundation.framework; path = System/Library/Frameworks/Foundation.framework; sourceTree = SDKROOT; };
		25927245167D896D003E6F65 /* CoreGraphics.framework */ = {isa = PBXFileReference; lastKnownFileType = wrapper.framework; name = CoreGraphics.framework; path = System/Library/Frameworks/CoreGraphics.framework; sourceTree = SDKROOT; };
		25927249167D896D003E6F65 /* STTweetLabel-Info.plist */ = {isa = PBXFileReference; lastKnownFileType = text.plist.xml; path = "STTweetLabel-Info.plist"; sourceTree = "<group>"; };
		2592724B167D896D003E6F65 /* en */ = {isa = PBXFileReference; lastKnownFileType = text.plist.strings; name = en; path = en.lproj/InfoPlist.strings; sourceTree = "<group>"; };
		2592724D167D896D003E6F65 /* main.m */ = {isa = PBXFileReference; lastKnownFileType = sourcecode.c.objc; path = main.m; sourceTree = "<group>"; };
		2592724F167D896D003E6F65 /* STTweetLabel-Prefix.pch */ = {isa = PBXFileReference; lastKnownFileType = sourcecode.c.h; path = "STTweetLabel-Prefix.pch"; sourceTree = "<group>"; };
		25927250167D896D003E6F65 /* STAppDelegate.h */ = {isa = PBXFileReference; lastKnownFileType = sourcecode.c.h; path = STAppDelegate.h; sourceTree = "<group>"; };
		25927251167D896D003E6F65 /* STAppDelegate.m */ = {isa = PBXFileReference; lastKnownFileType = sourcecode.c.objc; path = STAppDelegate.m; sourceTree = "<group>"; };
		25927253167D896D003E6F65 /* Default.png */ = {isa = PBXFileReference; lastKnownFileType = image.png; path = Default.png; sourceTree = "<group>"; };
		25927255167D896D003E6F65 /* Default@2x.png */ = {isa = PBXFileReference; lastKnownFileType = image.png; path = "Default@2x.png"; sourceTree = "<group>"; };
		25927257167D896D003E6F65 /* Default-568h@2x.png */ = {isa = PBXFileReference; lastKnownFileType = image.png; path = "Default-568h@2x.png"; sourceTree = "<group>"; };
		2592725E167D8A45003E6F65 /* STTweetLabel.h */ = {isa = PBXFileReference; fileEncoding = 4; lastKnownFileType = sourcecode.c.h; path = STTweetLabel.h; sourceTree = "<group>"; };
		2592725F167D8A45003E6F65 /* STTweetLabel.m */ = {isa = PBXFileReference; fileEncoding = 4; lastKnownFileType = sourcecode.c.objc; path = STTweetLabel.m; sourceTree = "<group>"; };
		2592726A167D8CB5003E6F65 /* STViewController.h */ = {isa = PBXFileReference; fileEncoding = 4; lastKnownFileType = sourcecode.c.h; path = STViewController.h; sourceTree = "<group>"; };
		2592726B167D8CB5003E6F65 /* STViewController.m */ = {isa = PBXFileReference; fileEncoding = 4; lastKnownFileType = sourcecode.c.objc; path = STViewController.m; sourceTree = "<group>"; };
		2592726C167D8CB5003E6F65 /* STViewController.xib */ = {isa = PBXFileReference; fileEncoding = 4; lastKnownFileType = file.xib; path = STViewController.xib; sourceTree = "<group>"; };
/* End PBXFileReference section */

/* Begin PBXFrameworksBuildPhase section */
		2592723A167D896D003E6F65 /* Frameworks */ = {
			isa = PBXFrameworksBuildPhase;
			buildActionMask = 2147483647;
			files = (
				25927242167D896D003E6F65 /* UIKit.framework in Frameworks */,
				25927244167D896D003E6F65 /* Foundation.framework in Frameworks */,
				25927246167D896D003E6F65 /* CoreGraphics.framework in Frameworks */,
			);
			runOnlyForDeploymentPostprocessing = 0;
		};
/* End PBXFrameworksBuildPhase section */

/* Begin PBXGroup section */
		25927232167D896D003E6F65 = {
			isa = PBXGroup;
			children = (
				25927247167D896D003E6F65 /* STTweetLabel */,
				25927240167D896D003E6F65 /* Frameworks */,
				2592723E167D896D003E6F65 /* Products */,
			);
			sourceTree = "<group>";
		};
		2592723E167D896D003E6F65 /* Products */ = {
			isa = PBXGroup;
			children = (
				2592723D167D896D003E6F65 /* STTweetLabel.app */,
			);
			name = Products;
			sourceTree = "<group>";
		};
		25927240167D896D003E6F65 /* Frameworks */ = {
			isa = PBXGroup;
			children = (
				25927241167D896D003E6F65 /* UIKit.framework */,
				25927243167D896D003E6F65 /* Foundation.framework */,
				25927245167D896D003E6F65 /* CoreGraphics.framework */,
			);
			name = Frameworks;
			sourceTree = "<group>";
		};
		25927247167D896D003E6F65 /* STTweetLabel */ = {
			isa = PBXGroup;
			children = (
				2592725E167D8A45003E6F65 /* STTweetLabel.h */,
				2592725F167D8A45003E6F65 /* STTweetLabel.m */,
				25927250167D896D003E6F65 /* STAppDelegate.h */,
				25927251167D896D003E6F65 /* STAppDelegate.m */,
				2592726A167D8CB5003E6F65 /* STViewController.h */,
				2592726B167D8CB5003E6F65 /* STViewController.m */,
				2592726C167D8CB5003E6F65 /* STViewController.xib */,
				25927248167D896D003E6F65 /* Supporting Files */,
			);
			path = STTweetLabel;
			sourceTree = "<group>";
		};
		25927248167D896D003E6F65 /* Supporting Files */ = {
			isa = PBXGroup;
			children = (
				25927249167D896D003E6F65 /* STTweetLabel-Info.plist */,
				2592724A167D896D003E6F65 /* InfoPlist.strings */,
				2592724D167D896D003E6F65 /* main.m */,
				2592724F167D896D003E6F65 /* STTweetLabel-Prefix.pch */,
				25927253167D896D003E6F65 /* Default.png */,
				25927255167D896D003E6F65 /* Default@2x.png */,
				25927257167D896D003E6F65 /* Default-568h@2x.png */,
			);
			name = "Supporting Files";
			sourceTree = "<group>";
		};
/* End PBXGroup section */

/* Begin PBXNativeTarget section */
		2592723C167D896D003E6F65 /* STTweetLabel */ = {
			isa = PBXNativeTarget;
			buildConfigurationList = 2592725B167D896D003E6F65 /* Build configuration list for PBXNativeTarget "STTweetLabel" */;
			buildPhases = (
				25927239167D896D003E6F65 /* Sources */,
				2592723A167D896D003E6F65 /* Frameworks */,
				2592723B167D896D003E6F65 /* Resources */,
			);
			buildRules = (
			);
			dependencies = (
			);
			name = STTweetLabel;
			productName = STTweetLabel;
			productReference = 2592723D167D896D003E6F65 /* STTweetLabel.app */;
			productType = "com.apple.product-type.application";
		};
/* End PBXNativeTarget section */

/* Begin PBXProject section */
		25927234167D896D003E6F65 /* Project object */ = {
			isa = PBXProject;
			attributes = {
				CLASSPREFIX = ST;
				LastUpgradeCheck = 0450;
				ORGANIZATIONNAME = "Sebastien Thiebaud";
			};
			buildConfigurationList = 25927237167D896D003E6F65 /* Build configuration list for PBXProject "STTweetLabel" */;
			compatibilityVersion = "Xcode 3.2";
			developmentRegion = English;
			hasScannedForEncodings = 0;
			knownRegions = (
				en,
			);
			mainGroup = 25927232167D896D003E6F65;
			productRefGroup = 2592723E167D896D003E6F65 /* Products */;
			projectDirPath = "";
			projectRoot = "";
			targets = (
				2592723C167D896D003E6F65 /* STTweetLabel */,
			);
		};
/* End PBXProject section */

/* Begin PBXResourcesBuildPhase section */
		2592723B167D896D003E6F65 /* Resources */ = {
			isa = PBXResourcesBuildPhase;
			buildActionMask = 2147483647;
			files = (
				2592724C167D896D003E6F65 /* InfoPlist.strings in Resources */,
				25927254167D896D003E6F65 /* Default.png in Resources */,
				25927256167D896D003E6F65 /* Default@2x.png in Resources */,
				25927258167D896D003E6F65 /* Default-568h@2x.png in Resources */,
				2592726E167D8CB5003E6F65 /* STViewController.xib in Resources */,
			);
			runOnlyForDeploymentPostprocessing = 0;
		};
/* End PBXResourcesBuildPhase section */

/* Begin PBXSourcesBuildPhase section */
		25927239167D896D003E6F65 /* Sources */ = {
			isa = PBXSourcesBuildPhase;
			buildActionMask = 2147483647;
			files = (
				2592724E167D896D003E6F65 /* main.m in Sources */,
				25927252167D896D003E6F65 /* STAppDelegate.m in Sources */,
				25927261167D8A45003E6F65 /* STTweetLabel.m in Sources */,
				2592726D167D8CB5003E6F65 /* STViewController.m in Sources */,
			);
			runOnlyForDeploymentPostprocessing = 0;
		};
/* End PBXSourcesBuildPhase section */

/* Begin PBXVariantGroup section */
		2592724A167D896D003E6F65 /* InfoPlist.strings */ = {
			isa = PBXVariantGroup;
			children = (
				2592724B167D896D003E6F65 /* en */,
			);
			name = InfoPlist.strings;
			sourceTree = "<group>";
		};
/* End PBXVariantGroup section */

/* Begin XCBuildConfiguration section */
		25927259167D896D003E6F65 /* Debug */ = {
			isa = XCBuildConfiguration;
			buildSettings = {
				ALWAYS_SEARCH_USER_PATHS = NO;
				CLANG_CXX_LANGUAGE_STANDARD = "gnu++0x";
				CLANG_CXX_LIBRARY = "libc++";
				CLANG_ENABLE_OBJC_ARC = YES;
				CLANG_WARN_EMPTY_BODY = YES;
				CLANG_WARN__DUPLICATE_METHOD_MATCH = YES;
				"CODE_SIGN_IDENTITY[sdk=iphoneos*]" = "iPhone Developer";
				COPY_PHASE_STRIP = NO;
				GCC_C_LANGUAGE_STANDARD = gnu99;
				GCC_DYNAMIC_NO_PIC = NO;
				GCC_OPTIMIZATION_LEVEL = 0;
				GCC_PREPROCESSOR_DEFINITIONS = (
					"DEBUG=1",
					"$(inherited)",
				);
				GCC_SYMBOLS_PRIVATE_EXTERN = NO;
				GCC_WARN_ABOUT_RETURN_TYPE = YES;
				GCC_WARN_UNINITIALIZED_AUTOS = YES;
				GCC_WARN_UNUSED_VARIABLE = YES;
				IPHONEOS_DEPLOYMENT_TARGET = 6.0;
				ONLY_ACTIVE_ARCH = YES;
				SDKROOT = iphoneos;
			};
			name = Debug;
		};
		2592725A167D896D003E6F65 /* Release */ = {
			isa = XCBuildConfiguration;
			buildSettings = {
				ALWAYS_SEARCH_USER_PATHS = NO;
				CLANG_CXX_LANGUAGE_STANDARD = "gnu++0x";
				CLANG_CXX_LIBRARY = "libc++";
				CLANG_ENABLE_OBJC_ARC = YES;
				CLANG_WARN_EMPTY_BODY = YES;
				CLANG_WARN__DUPLICATE_METHOD_MATCH = YES;
				"CODE_SIGN_IDENTITY[sdk=iphoneos*]" = "iPhone Developer";
				COPY_PHASE_STRIP = YES;
				GCC_C_LANGUAGE_STANDARD = gnu99;
				GCC_WARN_ABOUT_RETURN_TYPE = YES;
				GCC_WARN_UNINITIALIZED_AUTOS = YES;
				GCC_WARN_UNUSED_VARIABLE = YES;
				IPHONEOS_DEPLOYMENT_TARGET = 6.0;
				OTHER_CFLAGS = "-DNS_BLOCK_ASSERTIONS=1";
				SDKROOT = iphoneos;
				VALIDATE_PRODUCT = YES;
			};
			name = Release;
		};
		2592725C167D896D003E6F65 /* Debug */ = {
			isa = XCBuildConfiguration;
			buildSettings = {
				GCC_PRECOMPILE_PREFIX_HEADER = YES;
				GCC_PREFIX_HEADER = "STTweetLabel/STTweetLabel-Prefix.pch";
				INFOPLIST_FILE = "STTweetLabel/STTweetLabel-Info.plist";
				PRODUCT_NAME = "$(TARGET_NAME)";
				WRAPPER_EXTENSION = app;
			};
			name = Debug;
		};
		2592725D167D896D003E6F65 /* Release */ = {
			isa = XCBuildConfiguration;
			buildSettings = {
				GCC_PRECOMPILE_PREFIX_HEADER = YES;
				GCC_PREFIX_HEADER = "STTweetLabel/STTweetLabel-Prefix.pch";
				INFOPLIST_FILE = "STTweetLabel/STTweetLabel-Info.plist";
				PRODUCT_NAME = "$(TARGET_NAME)";
				WRAPPER_EXTENSION = app;
			};
			name = Release;
		};
/* End XCBuildConfiguration section */

/* Begin XCConfigurationList section */
		25927237167D896D003E6F65 /* Build configuration list for PBXProject "STTweetLabel" */ = {
			isa = XCConfigurationList;
			buildConfigurations = (
				25927259167D896D003E6F65 /* Debug */,
				2592725A167D896D003E6F65 /* Release */,
			);
			defaultConfigurationIsVisible = 0;
			defaultConfigurationName = Release;
		};
		2592725B167D896D003E6F65 /* Build configuration list for PBXNativeTarget "STTweetLabel" */ = {
			isa = XCConfigurationList;
			buildConfigurations = (
				2592725C167D896D003E6F65 /* Debug */,
				2592725D167D896D003E6F65 /* Release */,
			);
			defaultConfigurationIsVisible = 0;
			defaultConfigurationName = Release;
		};
/* End XCConfigurationList section */
	};
	rootObject = 25927234167D896D003E6F65 /* Project object */;
}
